
Microsoft Visual Studio Solution File, Format Version 12.00
# Visual Studio Version 17
VisualStudioVersion = 17.3.32929.385
MinimumVisualStudioVersion = 10.0.40219.1
Project("{FAE04EC0-301F-11D3-BF4B-00C04F79EFBC}") = "ManagementSystemCodeFirstWithExistingDB", "ManagementSystemCodeFirstWithExistingDB\ManagementSystemCodeFirstWithExistingDB.csproj", "{6098655F-9D85-407D-84B6-1CA6D94D467B}"
EndProject
Global
	GlobalSection(SolutionConfigurationPlatforms) = preSolution
		Debug|Any CPU = Debug|Any CPU
		Release|Any CPU = Release|Any CPU
	EndGlobalSection
	GlobalSection(ProjectConfigurationPlatforms) = postSolution
		{6098655F-9D85-407D-84B6-1CA6D94D467B}.Debug|Any CPU.ActiveCfg = Debug|Any CPU
		{6098655F-9D85-407D-84B6-1CA6D94D467B}.Debug|Any CPU.Build.0 = Debug|Any CPU
		{6098655F-9D85-407D-84B6-1CA6D94D467B}.Release|Any CPU.ActiveCfg = Release|Any CPU
		{6098655F-9D85-407D-84B6-1CA6D94D467B}.Release|Any CPU.Build.0 = Release|Any CPU
	EndGlobalSection
	GlobalSection(SolutionProperties) = preSolution
		HideSolutionNode = FALSE
	EndGlobalSection
	GlobalSection(ExtensibilityGlobals) = postSolution
		SolutionGuid = {3C5D3E7C-7080-4CCB-86C8-1CCBBEE37228}
	EndGlobalSection
EndGlobal
